
Microsoft Visual Studio Solution File, Format Version 12.00
# Visual Studio Version 17
VisualStudioVersion = 17.11.35303.130
MinimumVisualStudioVersion = 10.0.40219.1
Project("{FAE04EC0-301F-11D3-BF4B-00C04F79EFBC}") = "Tyuiu.NovikovaVA.Sprint1.Task0.V23", "Tyuiu.NovikovaVA.Sprint1.Task0.V23\Tyuiu.NovikovaVA.Sprint1.Task0.V23.csproj", "{73663CC8-A76A-46C0-A700-7DA221A20C28}"
EndProject
Project("{2150E333-8FDC-42A3-9474-1A3956D46DE8}") = "Task0", "Task0", "{DB05287F-4B39-41D4-B651-A6BCC2047DE9}"
EndProject
Project("{FAE04EC0-301F-11D3-BF4B-00C04F79EFBC}") = "Tyuiu.NovikovaVA.Sprint1.Task0.V23.Test", "Tyuiu.NovikovaVA.Sprint1.Task0.V23.Test\Tyuiu.NovikovaVA.Sprint1.Task0.V23.Test.csproj", "{F8448DBE-4599-49BC-9D49-9E99E7569612}"
EndProject
Project("{FAE04EC0-301F-11D3-BF4B-00C04F79EFBC}") = "Tyuiu.NovikovaVA.Sprint1.Task0.V23.Lib", "Tyuiu.NovikovaVA.Sprint1.Task0.V23.Lib\Tyuiu.NovikovaVA.Sprint1.Task0.V23.Lib.csproj", "{01D86177-B2D9-48F9-A638-DAB3C29D2517}"
EndProject
Project("{2150E333-8FDC-42A3-9474-1A3956D46DE8}") = "Task1", "Task1", "{630AA505-4413-4FA3-B2BD-09D9D7024CF7}"
EndProject
Project("{FAE04EC0-301F-11D3-BF4B-00C04F79EFBC}") = "Tyuiu.NovikovaVA.Sprint1.Task1.V29", "Tyuiu.NovikovaVA.Sprint1.Task1.V29\Tyuiu.NovikovaVA.Sprint1.Task1.V29.csproj", "{814FB192-AF92-4AFE-BCB4-E6D10B218944}"
EndProject
Project("{FAE04EC0-301F-11D3-BF4B-00C04F79EFBC}") = "Tyuiu.NovikovaVA.Sprint1.Task1.V29.Test", "Tyuiu.NovikovaVA.Sprint1.Task1.V29.Test\Tyuiu.NovikovaVA.Sprint1.Task1.V29.Test.csproj", "{67A617B9-F619-42CA-897E-F9F32811093A}"
EndProject
Project("{FAE04EC0-301F-11D3-BF4B-00C04F79EFBC}") = "Tyuiu.NovikovaVA.Sprint1.Task1.V29.Lib", "Tyuiu.NovikovaVA.Sprint1.Task1.V29.Lib\Tyuiu.NovikovaVA.Sprint1.Task1.V29.Lib.csproj", "{E26D77D2-FD89-42AF-8799-22A38EC285BB}"
EndProject
Global
	GlobalSection(SolutionConfigurationPlatforms) = preSolution
		Debug|Any CPU = Debug|Any CPU
		Release|Any CPU = Release|Any CPU
	EndGlobalSection
	GlobalSection(ProjectConfigurationPlatforms) = postSolution
		{73663CC8-A76A-46C0-A700-7DA221A20C28}.Debug|Any CPU.ActiveCfg = Debug|Any CPU
		{73663CC8-A76A-46C0-A700-7DA221A20C28}.Debug|Any CPU.Build.0 = Debug|Any CPU
		{73663CC8-A76A-46C0-A700-7DA221A20C28}.Release|Any CPU.ActiveCfg = Release|Any CPU
		{73663CC8-A76A-46C0-A700-7DA221A20C28}.Release|Any CPU.Build.0 = Release|Any CPU
		{F8448DBE-4599-49BC-9D49-9E99E7569612}.Debug|Any CPU.ActiveCfg = Debug|Any CPU
		{F8448DBE-4599-49BC-9D49-9E99E7569612}.Debug|Any CPU.Build.0 = Debug|Any CPU
		{F8448DBE-4599-49BC-9D49-9E99E7569612}.Release|Any CPU.ActiveCfg = Release|Any CPU
		{F8448DBE-4599-49BC-9D49-9E99E7569612}.Release|Any CPU.Build.0 = Release|Any CPU
		{01D86177-B2D9-48F9-A638-DAB3C29D2517}.Debug|Any CPU.ActiveCfg = Debug|Any CPU
		{01D86177-B2D9-48F9-A638-DAB3C29D2517}.Debug|Any CPU.Build.0 = Debug|Any CPU
		{01D86177-B2D9-48F9-A638-DAB3C29D2517}.Release|Any CPU.ActiveCfg = Release|Any CPU
		{01D86177-B2D9-48F9-A638-DAB3C29D2517}.Release|Any CPU.Build.0 = Release|Any CPU
		{814FB192-AF92-4AFE-BCB4-E6D10B218944}.Debug|Any CPU.ActiveCfg = Debug|Any CPU
		{814FB192-AF92-4AFE-BCB4-E6D10B218944}.Debug|Any CPU.Build.0 = Debug|Any CPU
		{814FB192-AF92-4AFE-BCB4-E6D10B218944}.Release|Any CPU.ActiveCfg = Release|Any CPU
		{814FB192-AF92-4AFE-BCB4-E6D10B218944}.Release|Any CPU.Build.0 = Release|Any CPU
		{67A617B9-F619-42CA-897E-F9F32811093A}.Debug|Any CPU.ActiveCfg = Debug|Any CPU
		{67A617B9-F619-42CA-897E-F9F32811093A}.Debug|Any CPU.Build.0 = Debug|Any CPU
		{67A617B9-F619-42CA-897E-F9F32811093A}.Release|Any CPU.ActiveCfg = Release|Any CPU
		{67A617B9-F619-42CA-897E-F9F32811093A}.Release|Any CPU.Build.0 = Release|Any CPU
		{E26D77D2-FD89-42AF-8799-22A38EC285BB}.Debug|Any CPU.ActiveCfg = Debug|Any CPU
		{E26D77D2-FD89-42AF-8799-22A38EC285BB}.Debug|Any CPU.Build.0 = Debug|Any CPU
		{E26D77D2-FD89-42AF-8799-22A38EC285BB}.Release|Any CPU.ActiveCfg = Release|Any CPU
		{E26D77D2-FD89-42AF-8799-22A38EC285BB}.Release|Any CPU.Build.0 = Release|Any CPU
	EndGlobalSection
	GlobalSection(SolutionProperties) = preSolution
		HideSolutionNode = FALSE
	EndGlobalSection
	GlobalSection(NestedProjects) = preSolution
		{73663CC8-A76A-46C0-A700-7DA221A20C28} = {DB05287F-4B39-41D4-B651-A6BCC2047DE9}
		{F8448DBE-4599-49BC-9D49-9E99E7569612} = {DB05287F-4B39-41D4-B651-A6BCC2047DE9}
		{01D86177-B2D9-48F9-A638-DAB3C29D2517} = {DB05287F-4B39-41D4-B651-A6BCC2047DE9}
		{814FB192-AF92-4AFE-BCB4-E6D10B218944} = {630AA505-4413-4FA3-B2BD-09D9D7024CF7}
		{67A617B9-F619-42CA-897E-F9F32811093A} = {630AA505-4413-4FA3-B2BD-09D9D7024CF7}
		{E26D77D2-FD89-42AF-8799-22A38EC285BB} = {630AA505-4413-4FA3-B2BD-09D9D7024CF7}
	EndGlobalSection
	GlobalSection(ExtensibilityGlobals) = postSolution
		SolutionGuid = {F910DE8B-092E-47E7-9C1D-30824508815E}
	EndGlobalSection
EndGlobal
