
Microsoft Visual Studio Solution File, Format Version 12.00
# Visual Studio Version 17
VisualStudioVersion = 17.11.35303.130
MinimumVisualStudioVersion = 10.0.40219.1
Project("{9A19103F-16F7-4668-BE54-9A1E7A4F7556}") = "Tyuiu.NovikovaVA.Sprint1.Task0.V23", "Tyuiu.NovikovaVA.Sprint1.Task0.V23\Tyuiu.NovikovaVA.Sprint1.Task0.V23.csproj", "{73663CC8-A76A-46C0-A700-7DA221A20C28}"
EndProject
Project("{2150E333-8FDC-42A3-9474-1A3956D46DE8}") = "Task0", "Task0", "{DB05287F-4B39-41D4-B651-A6BCC2047DE9}"
EndProject
Project("{9A19103F-16F7-4668-BE54-9A1E7A4F7556}") = "Tyuiu.NovikovaVA.Sprint1.Task0.V23.Test", "Tyuiu.NovikovaVA.Sprint1.Task0.V23.Test\Tyuiu.NovikovaVA.Sprint1.Task0.V23.Test.csproj", "{F8448DBE-4599-49BC-9D49-9E99E7569612}"
EndProject
Project("{9A19103F-16F7-4668-BE54-9A1E7A4F7556}") = "Tyuiu.NovikovaVA.Sprint1.Task0.V23.Lib", "Tyuiu.NovikovaVA.Sprint1.Task0.V23.Lib\Tyuiu.NovikovaVA.Sprint1.Task0.V23.Lib.csproj", "{01D86177-B2D9-48F9-A638-DAB3C29D2517}"
EndProject
Project("{2150E333-8FDC-42A3-9474-1A3956D46DE8}") = "Task1", "Task1", "{630AA505-4413-4FA3-B2BD-09D9D7024CF7}"
EndProject
Project("{9A19103F-16F7-4668-BE54-9A1E7A4F7556}") = "Tyuiu.NovikovaVA.Sprint1.Task1.V29", "Tyuiu.NovikovaVA.Sprint1.Task1.V29\Tyuiu.NovikovaVA.Sprint1.Task1.V29.csproj", "{814FB192-AF92-4AFE-BCB4-E6D10B218944}"
EndProject
Project("{9A19103F-16F7-4668-BE54-9A1E7A4F7556}") = "Tyuiu.NovikovaVA.Sprint1.Task1.V29.Test", "Tyuiu.NovikovaVA.Sprint1.Task1.V29.Test\Tyuiu.NovikovaVA.Sprint1.Task1.V29.Test.csproj", "{67A617B9-F619-42CA-897E-F9F32811093A}"
EndProject
Project("{9A19103F-16F7-4668-BE54-9A1E7A4F7556}") = "Tyuiu.NovikovaVA.Sprint1.Task1.V29.Lib", "Tyuiu.NovikovaVA.Sprint1.Task1.V29.Lib\Tyuiu.NovikovaVA.Sprint1.Task1.V29.Lib.csproj", "{E26D77D2-FD89-42AF-8799-22A38EC285BB}"
EndProject
Project("{2150E333-8FDC-42A3-9474-1A3956D46DE8}") = "Task2", "Task2", "{30B07A80-E386-4A70-8D7C-9DF01ECDF5EC}"
EndProject
Project("{9A19103F-16F7-4668-BE54-9A1E7A4F7556}") = "Tyuiu.NovikovaVA.Sprint1.Task2.V11", "Tyuiu.NovikovaVA.Sprint1.Task2.V11\Tyuiu.NovikovaVA.Sprint1.Task2.V11.csproj", "{9CFE413B-A0FD-44C9-A819-C2C25B5FBC0C}"
EndProject
Project("{9A19103F-16F7-4668-BE54-9A1E7A4F7556}") = "Tyuiu.NovikovaVA.Sprint1.Task2.V11.Lib", "Tyuiu.NovikovaVA.Sprint1.Task2.V11.Lib\Tyuiu.NovikovaVA.Sprint1.Task2.V11.Lib.csproj", "{B4FF999F-BA86-4382-B762-DA4CEBFF65F0}"
EndProject
Project("{9A19103F-16F7-4668-BE54-9A1E7A4F7556}") = "Tyuiu.NovikovaVA.Sprint1.Task2.V11.Test", "Tyuiu.NovikovaVA.Sprint1.Task2.V11.Test\Tyuiu.NovikovaVA.Sprint1.Task2.V11.Test.csproj", "{AE26FAA0-1B78-4202-A170-1C1DCAFEF33C}"
EndProject
Project("{2150E333-8FDC-42A3-9474-1A3956D46DE8}") = "Task3", "Task3", "{5B1A5BE0-4048-487E-ABFB-E97FE6B47571}"
EndProject
Project("{9A19103F-16F7-4668-BE54-9A1E7A4F7556}") = "Tyuiu.NovikovaVA.Sprint1.Task3.V15", "Tyuiu.NovikovaVA.Sprint1.Task3.V15\Tyuiu.NovikovaVA.Sprint1.Task3.V15.csproj", "{9B5C9A9D-43A8-4648-8DE5-86BCC5868B19}"
EndProject
Project("{9A19103F-16F7-4668-BE54-9A1E7A4F7556}") = "Tyuiu.NovikovaVA.Sprint1.Task3.V15.Lib", "Tyuiu.NovikovaVA.Sprint1.Task3.V15.Lib\Tyuiu.NovikovaVA.Sprint1.Task3.V15.Lib.csproj", "{D547DEF4-6705-4EDC-B89A-E482BDB72C82}"
EndProject
Project("{9A19103F-16F7-4668-BE54-9A1E7A4F7556}") = "Tyuiu.NovikovaVA.Sprint1.Task3.V15.Test", "Tyuiu.NovikovaVA.Sprint1.Task3.V15.Test\Tyuiu.NovikovaVA.Sprint1.Task3.V15.Test.csproj", "{FC88BB86-9CAA-4CA8-803D-8C0989E2EF3D}"
EndProject
Project("{2150E333-8FDC-42A3-9474-1A3956D46DE8}") = "Task4", "Task4", "{8F201924-AB28-478B-AFB0-93EFADF52FA0}"
EndProject
Project("{FAE04EC0-301F-11D3-BF4B-00C04F79EFBC}") = "Tyuiu.NovikovaVA.Sprint1.Task4.V28", "Tyuiu.NovikovaVA.Sprint1.Task4.V28\Tyuiu.NovikovaVA.Sprint1.Task4.V28.csproj", "{272F54D2-CF01-4F8C-8573-5E6AB8F2F59F}"
EndProject
Project("{FAE04EC0-301F-11D3-BF4B-00C04F79EFBC}") = "Tyuiu.NovikovaVA.Sprint1.Task4.V28.Lib", "Tyuiu.NovikovaVA.Sprint1.Task4.V28.Lib\Tyuiu.NovikovaVA.Sprint1.Task4.V28.Lib.csproj", "{19AEF49C-E40A-4BDA-8BB8-BA3453729993}"
EndProject
Project("{FAE04EC0-301F-11D3-BF4B-00C04F79EFBC}") = "Tyuiu.NovikovaVA.Sprint1.Task4.V28.Test", "Tyuiu.NovikovaVA.Sprint1.Task4.V28.Test\Tyuiu.NovikovaVA.Sprint1.Task4.V28.Test.csproj", "{6C43B72D-7DB7-43B3-A59C-7E125E43B22C}"
EndProject
Project("{2150E333-8FDC-42A3-9474-1A3956D46DE8}") = "Task5", "Task5", "{96C9D904-4B3F-4429-BD72-C55CDF367EC6}"
EndProject
Project("{FAE04EC0-301F-11D3-BF4B-00C04F79EFBC}") = "Tyuiu.NovikovaVA.Sprint1.Task5.V1", "Tyuiu.NovikovaVA.Sprint1.Task5.V1\Tyuiu.NovikovaVA.Sprint1.Task5.V1.csproj", "{DA13F036-A437-4AA8-A4A6-ECF6598560AB}"
EndProject
Project("{FAE04EC0-301F-11D3-BF4B-00C04F79EFBC}") = "Tyuiu.NovikovaVA.Sprint1.Task5.V1.Lib", "Tyuiu.NovikovaVA.Sprint1.Task5.V1.Lib\Tyuiu.NovikovaVA.Sprint1.Task5.V1.Lib.csproj", "{3B42D357-1A90-4B3B-8983-5987CB9D67FD}"
EndProject
Project("{FAE04EC0-301F-11D3-BF4B-00C04F79EFBC}") = "Tyuiu.NovikovaVA.Sprint1.Task5.V1.Test", "Tyuiu.NovikovaVA.Sprint1.Task5.V1.Test\Tyuiu.NovikovaVA.Sprint1.Task5.V1.Test.csproj", "{46391866-7B14-4DEC-A970-762935BDE41D}"
EndProject
Project("{2150E333-8FDC-42A3-9474-1A3956D46DE8}") = "Task6", "Task6", "{E3850D62-169A-433F-A150-3A2AACFDCAD2}"
EndProject
Project("{FAE04EC0-301F-11D3-BF4B-00C04F79EFBC}") = "Tyuiu.NovikovaVA.Sprint1.Task6.V16", "Tyuiu.NovikovaVA.Sprint1.Task6.V16\Tyuiu.NovikovaVA.Sprint1.Task6.V16.csproj", "{FB88C8E7-ED04-4738-9F67-DC34312FA4FF}"
EndProject
Project("{FAE04EC0-301F-11D3-BF4B-00C04F79EFBC}") = "Tyuiu.NovikovaVA.Sprint1.Task6.V16.Lib", "Tyuiu.NovikovaVA.Sprint1.Task6.V16.Lib\Tyuiu.NovikovaVA.Sprint1.Task6.V16.Lib.csproj", "{BFFDCDAF-D530-42C8-A507-6B45AC930C19}"
EndProject
Project("{FAE04EC0-301F-11D3-BF4B-00C04F79EFBC}") = "Tyuiu.NovikovaVA.Sprint1.Task6.V16.Test", "Tyuiu.NovikovaVA.Sprint1.Task6.V16.Test\Tyuiu.NovikovaVA.Sprint1.Task6.V16.Test.csproj", "{562BC01A-5568-4D88-B4C7-05B786B1C836}"
EndProject
Global
	GlobalSection(SolutionConfigurationPlatforms) = preSolution
		Debug|Any CPU = Debug|Any CPU
		Release|Any CPU = Release|Any CPU
	EndGlobalSection
	GlobalSection(ProjectConfigurationPlatforms) = postSolution
		{73663CC8-A76A-46C0-A700-7DA221A20C28}.Debug|Any CPU.ActiveCfg = Debug|Any CPU
		{73663CC8-A76A-46C0-A700-7DA221A20C28}.Debug|Any CPU.Build.0 = Debug|Any CPU
		{73663CC8-A76A-46C0-A700-7DA221A20C28}.Release|Any CPU.ActiveCfg = Release|Any CPU
		{73663CC8-A76A-46C0-A700-7DA221A20C28}.Release|Any CPU.Build.0 = Release|Any CPU
		{F8448DBE-4599-49BC-9D49-9E99E7569612}.Debug|Any CPU.ActiveCfg = Debug|Any CPU
		{F8448DBE-4599-49BC-9D49-9E99E7569612}.Debug|Any CPU.Build.0 = Debug|Any CPU
		{F8448DBE-4599-49BC-9D49-9E99E7569612}.Release|Any CPU.ActiveCfg = Release|Any CPU
		{F8448DBE-4599-49BC-9D49-9E99E7569612}.Release|Any CPU.Build.0 = Release|Any CPU
		{01D86177-B2D9-48F9-A638-DAB3C29D2517}.Debug|Any CPU.ActiveCfg = Debug|Any CPU
		{01D86177-B2D9-48F9-A638-DAB3C29D2517}.Debug|Any CPU.Build.0 = Debug|Any CPU
		{01D86177-B2D9-48F9-A638-DAB3C29D2517}.Release|Any CPU.ActiveCfg = Release|Any CPU
		{01D86177-B2D9-48F9-A638-DAB3C29D2517}.Release|Any CPU.Build.0 = Release|Any CPU
		{814FB192-AF92-4AFE-BCB4-E6D10B218944}.Debug|Any CPU.ActiveCfg = Debug|Any CPU
		{814FB192-AF92-4AFE-BCB4-E6D10B218944}.Debug|Any CPU.Build.0 = Debug|Any CPU
		{814FB192-AF92-4AFE-BCB4-E6D10B218944}.Release|Any CPU.ActiveCfg = Release|Any CPU
		{814FB192-AF92-4AFE-BCB4-E6D10B218944}.Release|Any CPU.Build.0 = Release|Any CPU
		{67A617B9-F619-42CA-897E-F9F32811093A}.Debug|Any CPU.ActiveCfg = Debug|Any CPU
		{67A617B9-F619-42CA-897E-F9F32811093A}.Debug|Any CPU.Build.0 = Debug|Any CPU
		{67A617B9-F619-42CA-897E-F9F32811093A}.Release|Any CPU.ActiveCfg = Release|Any CPU
		{67A617B9-F619-42CA-897E-F9F32811093A}.Release|Any CPU.Build.0 = Release|Any CPU
		{E26D77D2-FD89-42AF-8799-22A38EC285BB}.Debug|Any CPU.ActiveCfg = Debug|Any CPU
		{E26D77D2-FD89-42AF-8799-22A38EC285BB}.Debug|Any CPU.Build.0 = Debug|Any CPU
		{E26D77D2-FD89-42AF-8799-22A38EC285BB}.Release|Any CPU.ActiveCfg = Release|Any CPU
		{E26D77D2-FD89-42AF-8799-22A38EC285BB}.Release|Any CPU.Build.0 = Release|Any CPU
		{9CFE413B-A0FD-44C9-A819-C2C25B5FBC0C}.Debug|Any CPU.ActiveCfg = Debug|Any CPU
		{9CFE413B-A0FD-44C9-A819-C2C25B5FBC0C}.Debug|Any CPU.Build.0 = Debug|Any CPU
		{9CFE413B-A0FD-44C9-A819-C2C25B5FBC0C}.Release|Any CPU.ActiveCfg = Release|Any CPU
		{9CFE413B-A0FD-44C9-A819-C2C25B5FBC0C}.Release|Any CPU.Build.0 = Release|Any CPU
		{B4FF999F-BA86-4382-B762-DA4CEBFF65F0}.Debug|Any CPU.ActiveCfg = Debug|Any CPU
		{B4FF999F-BA86-4382-B762-DA4CEBFF65F0}.Debug|Any CPU.Build.0 = Debug|Any CPU
		{B4FF999F-BA86-4382-B762-DA4CEBFF65F0}.Release|Any CPU.ActiveCfg = Release|Any CPU
		{B4FF999F-BA86-4382-B762-DA4CEBFF65F0}.Release|Any CPU.Build.0 = Release|Any CPU
		{AE26FAA0-1B78-4202-A170-1C1DCAFEF33C}.Debug|Any CPU.ActiveCfg = Debug|Any CPU
		{AE26FAA0-1B78-4202-A170-1C1DCAFEF33C}.Debug|Any CPU.Build.0 = Debug|Any CPU
		{AE26FAA0-1B78-4202-A170-1C1DCAFEF33C}.Release|Any CPU.ActiveCfg = Release|Any CPU
		{AE26FAA0-1B78-4202-A170-1C1DCAFEF33C}.Release|Any CPU.Build.0 = Release|Any CPU
		{9B5C9A9D-43A8-4648-8DE5-86BCC5868B19}.Debug|Any CPU.ActiveCfg = Debug|Any CPU
		{9B5C9A9D-43A8-4648-8DE5-86BCC5868B19}.Debug|Any CPU.Build.0 = Debug|Any CPU
		{9B5C9A9D-43A8-4648-8DE5-86BCC5868B19}.Release|Any CPU.ActiveCfg = Release|Any CPU
		{9B5C9A9D-43A8-4648-8DE5-86BCC5868B19}.Release|Any CPU.Build.0 = Release|Any CPU
		{D547DEF4-6705-4EDC-B89A-E482BDB72C82}.Debug|Any CPU.ActiveCfg = Debug|Any CPU
		{D547DEF4-6705-4EDC-B89A-E482BDB72C82}.Debug|Any CPU.Build.0 = Debug|Any CPU
		{D547DEF4-6705-4EDC-B89A-E482BDB72C82}.Release|Any CPU.ActiveCfg = Release|Any CPU
		{D547DEF4-6705-4EDC-B89A-E482BDB72C82}.Release|Any CPU.Build.0 = Release|Any CPU
		{FC88BB86-9CAA-4CA8-803D-8C0989E2EF3D}.Debug|Any CPU.ActiveCfg = Debug|Any CPU
		{FC88BB86-9CAA-4CA8-803D-8C0989E2EF3D}.Debug|Any CPU.Build.0 = Debug|Any CPU
		{FC88BB86-9CAA-4CA8-803D-8C0989E2EF3D}.Release|Any CPU.ActiveCfg = Release|Any CPU
		{FC88BB86-9CAA-4CA8-803D-8C0989E2EF3D}.Release|Any CPU.Build.0 = Release|Any CPU
		{272F54D2-CF01-4F8C-8573-5E6AB8F2F59F}.Debug|Any CPU.ActiveCfg = Debug|Any CPU
		{272F54D2-CF01-4F8C-8573-5E6AB8F2F59F}.Debug|Any CPU.Build.0 = Debug|Any CPU
		{272F54D2-CF01-4F8C-8573-5E6AB8F2F59F}.Release|Any CPU.ActiveCfg = Release|Any CPU
		{272F54D2-CF01-4F8C-8573-5E6AB8F2F59F}.Release|Any CPU.Build.0 = Release|Any CPU
		{19AEF49C-E40A-4BDA-8BB8-BA3453729993}.Debug|Any CPU.ActiveCfg = Debug|Any CPU
		{19AEF49C-E40A-4BDA-8BB8-BA3453729993}.Debug|Any CPU.Build.0 = Debug|Any CPU
		{19AEF49C-E40A-4BDA-8BB8-BA3453729993}.Release|Any CPU.ActiveCfg = Release|Any CPU
		{19AEF49C-E40A-4BDA-8BB8-BA3453729993}.Release|Any CPU.Build.0 = Release|Any CPU
		{6C43B72D-7DB7-43B3-A59C-7E125E43B22C}.Debug|Any CPU.ActiveCfg = Debug|Any CPU
		{6C43B72D-7DB7-43B3-A59C-7E125E43B22C}.Debug|Any CPU.Build.0 = Debug|Any CPU
		{6C43B72D-7DB7-43B3-A59C-7E125E43B22C}.Release|Any CPU.ActiveCfg = Release|Any CPU
		{6C43B72D-7DB7-43B3-A59C-7E125E43B22C}.Release|Any CPU.Build.0 = Release|Any CPU
		{DA13F036-A437-4AA8-A4A6-ECF6598560AB}.Debug|Any CPU.ActiveCfg = Debug|Any CPU
		{DA13F036-A437-4AA8-A4A6-ECF6598560AB}.Debug|Any CPU.Build.0 = Debug|Any CPU
		{DA13F036-A437-4AA8-A4A6-ECF6598560AB}.Release|Any CPU.ActiveCfg = Release|Any CPU
		{DA13F036-A437-4AA8-A4A6-ECF6598560AB}.Release|Any CPU.Build.0 = Release|Any CPU
		{3B42D357-1A90-4B3B-8983-5987CB9D67FD}.Debug|Any CPU.ActiveCfg = Debug|Any CPU
		{3B42D357-1A90-4B3B-8983-5987CB9D67FD}.Debug|Any CPU.Build.0 = Debug|Any CPU
		{3B42D357-1A90-4B3B-8983-5987CB9D67FD}.Release|Any CPU.ActiveCfg = Release|Any CPU
		{3B42D357-1A90-4B3B-8983-5987CB9D67FD}.Release|Any CPU.Build.0 = Release|Any CPU
		{46391866-7B14-4DEC-A970-762935BDE41D}.Debug|Any CPU.ActiveCfg = Debug|Any CPU
		{46391866-7B14-4DEC-A970-762935BDE41D}.Debug|Any CPU.Build.0 = Debug|Any CPU
		{46391866-7B14-4DEC-A970-762935BDE41D}.Release|Any CPU.ActiveCfg = Release|Any CPU
		{46391866-7B14-4DEC-A970-762935BDE41D}.Release|Any CPU.Build.0 = Release|Any CPU
		{FB88C8E7-ED04-4738-9F67-DC34312FA4FF}.Debug|Any CPU.ActiveCfg = Debug|Any CPU
		{FB88C8E7-ED04-4738-9F67-DC34312FA4FF}.Debug|Any CPU.Build.0 = Debug|Any CPU
		{FB88C8E7-ED04-4738-9F67-DC34312FA4FF}.Release|Any CPU.ActiveCfg = Release|Any CPU
		{FB88C8E7-ED04-4738-9F67-DC34312FA4FF}.Release|Any CPU.Build.0 = Release|Any CPU
		{BFFDCDAF-D530-42C8-A507-6B45AC930C19}.Debug|Any CPU.ActiveCfg = Debug|Any CPU
		{BFFDCDAF-D530-42C8-A507-6B45AC930C19}.Debug|Any CPU.Build.0 = Debug|Any CPU
		{BFFDCDAF-D530-42C8-A507-6B45AC930C19}.Release|Any CPU.ActiveCfg = Release|Any CPU
		{BFFDCDAF-D530-42C8-A507-6B45AC930C19}.Release|Any CPU.Build.0 = Release|Any CPU
		{562BC01A-5568-4D88-B4C7-05B786B1C836}.Debug|Any CPU.ActiveCfg = Debug|Any CPU
		{562BC01A-5568-4D88-B4C7-05B786B1C836}.Debug|Any CPU.Build.0 = Debug|Any CPU
		{562BC01A-5568-4D88-B4C7-05B786B1C836}.Release|Any CPU.ActiveCfg = Release|Any CPU
		{562BC01A-5568-4D88-B4C7-05B786B1C836}.Release|Any CPU.Build.0 = Release|Any CPU
	EndGlobalSection
	GlobalSection(SolutionProperties) = preSolution
		HideSolutionNode = FALSE
	EndGlobalSection
	GlobalSection(NestedProjects) = preSolution
		{73663CC8-A76A-46C0-A700-7DA221A20C28} = {DB05287F-4B39-41D4-B651-A6BCC2047DE9}
		{F8448DBE-4599-49BC-9D49-9E99E7569612} = {DB05287F-4B39-41D4-B651-A6BCC2047DE9}
		{01D86177-B2D9-48F9-A638-DAB3C29D2517} = {DB05287F-4B39-41D4-B651-A6BCC2047DE9}
		{814FB192-AF92-4AFE-BCB4-E6D10B218944} = {630AA505-4413-4FA3-B2BD-09D9D7024CF7}
		{67A617B9-F619-42CA-897E-F9F32811093A} = {630AA505-4413-4FA3-B2BD-09D9D7024CF7}
		{E26D77D2-FD89-42AF-8799-22A38EC285BB} = {630AA505-4413-4FA3-B2BD-09D9D7024CF7}
		{9CFE413B-A0FD-44C9-A819-C2C25B5FBC0C} = {30B07A80-E386-4A70-8D7C-9DF01ECDF5EC}
		{B4FF999F-BA86-4382-B762-DA4CEBFF65F0} = {30B07A80-E386-4A70-8D7C-9DF01ECDF5EC}
		{AE26FAA0-1B78-4202-A170-1C1DCAFEF33C} = {30B07A80-E386-4A70-8D7C-9DF01ECDF5EC}
		{9B5C9A9D-43A8-4648-8DE5-86BCC5868B19} = {5B1A5BE0-4048-487E-ABFB-E97FE6B47571}
		{D547DEF4-6705-4EDC-B89A-E482BDB72C82} = {5B1A5BE0-4048-487E-ABFB-E97FE6B47571}
		{FC88BB86-9CAA-4CA8-803D-8C0989E2EF3D} = {5B1A5BE0-4048-487E-ABFB-E97FE6B47571}
		{272F54D2-CF01-4F8C-8573-5E6AB8F2F59F} = {8F201924-AB28-478B-AFB0-93EFADF52FA0}
		{19AEF49C-E40A-4BDA-8BB8-BA3453729993} = {8F201924-AB28-478B-AFB0-93EFADF52FA0}
		{6C43B72D-7DB7-43B3-A59C-7E125E43B22C} = {8F201924-AB28-478B-AFB0-93EFADF52FA0}
		{DA13F036-A437-4AA8-A4A6-ECF6598560AB} = {96C9D904-4B3F-4429-BD72-C55CDF367EC6}
		{3B42D357-1A90-4B3B-8983-5987CB9D67FD} = {96C9D904-4B3F-4429-BD72-C55CDF367EC6}
		{46391866-7B14-4DEC-A970-762935BDE41D} = {96C9D904-4B3F-4429-BD72-C55CDF367EC6}
		{FB88C8E7-ED04-4738-9F67-DC34312FA4FF} = {E3850D62-169A-433F-A150-3A2AACFDCAD2}
		{BFFDCDAF-D530-42C8-A507-6B45AC930C19} = {E3850D62-169A-433F-A150-3A2AACFDCAD2}
		{562BC01A-5568-4D88-B4C7-05B786B1C836} = {E3850D62-169A-433F-A150-3A2AACFDCAD2}
	EndGlobalSection
	GlobalSection(ExtensibilityGlobals) = postSolution
		SolutionGuid = {F910DE8B-092E-47E7-9C1D-30824508815E}
	EndGlobalSection
EndGlobal
